Microsoft Visual Studio Solution File, Format Version 12.00
# Visual Studio Version 17
VisualStudioVersion = 17.0.31903.59
MinimumVisualStudioVersion = 10.0.40219.1
Project("{2150E333-8FDC-42A3-9474-1A3956D46DE8}") = "src", "src", "{9D868400-CA8A-4715-9A0F-87A3433B7CA8}"
EndProject
Project("{2150E333-8FDC-42A3-9474-1A3956D46DE8}") = "fshafas.api", "fshafas.api", "{CFECF2FB-3852-4940-A844-EFAEBAB3AC3D}"
EndProject
Project("{F2A71F9B-5D33-465A-A702-920D77279786}") = "fshafas.api.fable.javascript", "src\fshafas.api\target.javascript\fshafas.api.fable.javascript.fsproj", "{9C22F19F-F30B-4B9D-98A0-6B8913F6D0BA}"
EndProject
Project("{2150E333-8FDC-42A3-9474-1A3956D46DE8}") = "fshafas", "fshafas", "{CE526791-C411-42E9-8905-A7212FF6CCDF}"
EndProject
Project("{F2A71F9B-5D33-465A-A702-920D77279786}") = "fshafas.fable.javascript", "src\fshafas\target.javascript\fshafas.fable.javascript.fsproj", "{9ECCE594-84E6-414A-A371-75289F28ACB2}"
EndProject
Project("{2150E333-8FDC-42A3-9474-1A3956D46DE8}") = "dbvendo", "dbvendo", "{F3CCAC7D-A9C1-4E19-836C-B297A75C10F0}"
EndProject
Project("{F2A71F9B-5D33-465A-A702-920D77279786}") = "dbvendo.fable.javascript", "src\dbvendo\target.javascript\dbvendo.fable.javascript.fsproj", "{B0992209-CC0A-4FB5-968B-2848022107BC}"
EndProject
Project("{2150E333-8FDC-42A3-9474-1A3956D46DE8}") = "examples", "examples", "{93DB4426-0E62-4B04-B5B8-C14BD37CA19D}"
EndProject
Project("{2150E333-8FDC-42A3-9474-1A3956D46DE8}") = "cli", "cli", "{588EF61A-8080-48D6-B07B-4C6D42DAE187}"
EndProject
Project("{F2A71F9B-5D33-465A-A702-920D77279786}") = "cli.fable.javascript", "src\examples\cli\target.javascript\cli.fable.javascript.fsproj", "{58E77ABB-AA95-42E8-9B88-DF7BE85E2380}"
EndProject
Project("{F2A71F9B-5D33-465A-A702-920D77279786}") = "hafas.client.bindings", "src\hafas.client.bindings\hafas.client.bindings.fsproj", "{0079E5EE-6FDE-48EF-AF5C-6B07548BA1F6}"
EndProject
Project("{F2A71F9B-5D33-465A-A702-920D77279786}") = "hafas.client.fable", "src\examples\hafas.client.fable\hafas.client.fable.fsproj", "{5574718B-A4C7-4D30-A385-EBB9E166B2D4}"
EndProject
Global
	GlobalSection(SolutionConfigurationPlatforms) = preSolution
		Debug|Any CPU = Debug|Any CPU
		Debug|x64 = Debug|x64
		Debug|x86 = Debug|x86
		Release|Any CPU = Release|Any CPU
		Release|x64 = Release|x64
		Release|x86 = Release|x86
	EndGlobalSection
	GlobalSection(ProjectConfigurationPlatforms) = postSolution
		{9C22F19F-F30B-4B9D-98A0-6B8913F6D0BA}.Debug|Any CPU.ActiveCfg = Debug|Any CPU
		{9C22F19F-F30B-4B9D-98A0-6B8913F6D0BA}.Debug|Any CPU.Build.0 = Debug|Any CPU
		{9C22F19F-F30B-4B9D-98A0-6B8913F6D0BA}.Debug|x64.ActiveCfg = Debug|Any CPU
		{9C22F19F-F30B-4B9D-98A0-6B8913F6D0BA}.Debug|x64.Build.0 = Debug|Any CPU
		{9C22F19F-F30B-4B9D-98A0-6B8913F6D0BA}.Debug|x86.ActiveCfg = Debug|Any CPU
		{9C22F19F-F30B-4B9D-98A0-6B8913F6D0BA}.Debug|x86.Build.0 = Debug|Any CPU
		{9C22F19F-F30B-4B9D-98A0-6B8913F6D0BA}.Release|Any CPU.ActiveCfg = Release|Any CPU
		{9C22F19F-F30B-4B9D-98A0-6B8913F6D0BA}.Release|Any CPU.Build.0 = Release|Any CPU
		{9C22F19F-F30B-4B9D-98A0-6B8913F6D0BA}.Release|x64.ActiveCfg = Release|Any CPU
		{9C22F19F-F30B-4B9D-98A0-6B8913F6D0BA}.Release|x64.Build.0 = Release|Any CPU
		{9C22F19F-F30B-4B9D-98A0-6B8913F6D0BA}.Release|x86.ActiveCfg = Release|Any CPU
		{9C22F19F-F30B-4B9D-98A0-6B8913F6D0BA}.Release|x86.Build.0 = Release|Any CPU
		{9ECCE594-84E6-414A-A371-75289F28ACB2}.Debug|Any CPU.ActiveCfg = Debug|Any CPU
		{9ECCE594-84E6-414A-A371-75289F28ACB2}.Debug|Any CPU.Build.0 = Debug|Any CPU
		{9ECCE594-84E6-414A-A371-75289F28ACB2}.Debug|x64.ActiveCfg = Debug|Any CPU
		{9ECCE594-84E6-414A-A371-75289F28ACB2}.Debug|x64.Build.0 = Debug|Any CPU
		{9ECCE594-84E6-414A-A371-75289F28ACB2}.Debug|x86.ActiveCfg = Debug|Any CPU
		{9ECCE594-84E6-414A-A371-75289F28ACB2}.Debug|x86.Build.0 = Debug|Any CPU
		{9ECCE594-84E6-414A-A371-75289F28ACB2}.Release|Any CPU.ActiveCfg = Release|Any CPU
		{9ECCE594-84E6-414A-A371-75289F28ACB2}.Release|Any CPU.Build.0 = Release|Any CPU
		{9ECCE594-84E6-414A-A371-75289F28ACB2}.Release|x64.ActiveCfg = Release|Any CPU
		{9ECCE594-84E6-414A-A371-75289F28ACB2}.Release|x64.Build.0 = Release|Any CPU
		{9ECCE594-84E6-414A-A371-75289F28ACB2}.Release|x86.ActiveCfg = Release|Any CPU
		{9ECCE594-84E6-414A-A371-75289F28ACB2}.Release|x86.Build.0 = Release|Any CPU
		{B0992209-CC0A-4FB5-968B-2848022107BC}.Debug|Any CPU.ActiveCfg = Debug|Any CPU
		{B0992209-CC0A-4FB5-968B-2848022107BC}.Debug|Any CPU.Build.0 = Debug|Any CPU
		{B0992209-CC0A-4FB5-968B-2848022107BC}.Debug|x64.ActiveCfg = Debug|Any CPU
		{B0992209-CC0A-4FB5-968B-2848022107BC}.Debug|x64.Build.0 = Debug|Any CPU
		{B0992209-CC0A-4FB5-968B-2848022107BC}.Debug|x86.ActiveCfg = Debug|Any CPU
		{B0992209-CC0A-4FB5-968B-2848022107BC}.Debug|x86.Build.0 = Debug|Any CPU
		{B0992209-CC0A-4FB5-968B-2848022107BC}.Release|Any CPU.ActiveCfg = Release|Any CPU
		{B0992209-CC0A-4FB5-968B-2848022107BC}.Release|Any CPU.Build.0 = Release|Any CPU
		{B0992209-CC0A-4FB5-968B-2848022107BC}.Release|x64.ActiveCfg = Release|Any CPU
		{B0992209-CC0A-4FB5-968B-2848022107BC}.Release|x64.Build.0 = Release|Any CPU
		{B0992209-CC0A-4FB5-968B-2848022107BC}.Release|x86.ActiveCfg = Release|Any CPU
		{B0992209-CC0A-4FB5-968B-2848022107BC}.Release|x86.Build.0 = Release|Any CPU
		{58E77ABB-AA95-42E8-9B88-DF7BE85E2380}.Debug|Any CPU.ActiveCfg = Debug|Any CPU
		{58E77ABB-AA95-42E8-9B88-DF7BE85E2380}.Debug|Any CPU.Build.0 = Debug|Any CPU
		{58E77ABB-AA95-42E8-9B88-DF7BE85E2380}.Debug|x64.ActiveCfg = Debug|Any CPU
		{58E77ABB-AA95-42E8-9B88-DF7BE85E2380}.Debug|x64.Build.0 = Debug|Any CPU
		{58E77ABB-AA95-42E8-9B88-DF7BE85E2380}.Debug|x86.ActiveCfg = Debug|Any CPU
		{58E77ABB-AA95-42E8-9B88-DF7BE85E2380}.Debug|x86.Build.0 = Debug|Any CPU
		{58E77ABB-AA95-42E8-9B88-DF7BE85E2380}.Release|Any CPU.ActiveCfg = Release|Any CPU
		{58E77ABB-AA95-42E8-9B88-DF7BE85E2380}.Release|Any CPU.Build.0 = Release|Any CPU
		{58E77ABB-AA95-42E8-9B88-DF7BE85E2380}.Release|x64.ActiveCfg = Release|Any CPU
		{58E77ABB-AA95-42E8-9B88-DF7BE85E2380}.Release|x64.Build.0 = Release|Any CPU
		{58E77ABB-AA95-42E8-9B88-DF7BE85E2380}.Release|x86.ActiveCfg = Release|Any CPU
		{58E77ABB-AA95-42E8-9B88-DF7BE85E2380}.Release|x86.Build.0 = Release|Any CPU
		{0079E5EE-6FDE-48EF-AF5C-6B07548BA1F6}.Debug|Any CPU.ActiveCfg = Debug|Any CPU
		{0079E5EE-6FDE-48EF-AF5C-6B07548BA1F6}.Debug|Any CPU.Build.0 = Debug|Any CPU
		{0079E5EE-6FDE-48EF-AF5C-6B07548BA1F6}.Debug|x64.ActiveCfg = Debug|Any CPU
		{0079E5EE-6FDE-48EF-AF5C-6B07548BA1F6}.Debug|x64.Build.0 = Debug|Any CPU
		{0079E5EE-6FDE-48EF-AF5C-6B07548BA1F6}.Debug|x86.ActiveCfg = Debug|Any CPU
		{0079E5EE-6FDE-48EF-AF5C-6B07548BA1F6}.Debug|x86.Build.0 = Debug|Any CPU
		{0079E5EE-6FDE-48EF-AF5C-6B07548BA1F6}.Release|Any CPU.ActiveCfg = Release|Any CPU
		{0079E5EE-6FDE-48EF-AF5C-6B07548BA1F6}.Release|Any CPU.Build.0 = Release|Any CPU
		{0079E5EE-6FDE-48EF-AF5C-6B07548BA1F6}.Release|x64.ActiveCfg = Release|Any CPU
		{0079E5EE-6FDE-48EF-AF5C-6B07548BA1F6}.Release|x64.Build.0 = Release|Any CPU
		{0079E5EE-6FDE-48EF-AF5C-6B07548BA1F6}.Release|x86.ActiveCfg = Release|Any CPU
		{0079E5EE-6FDE-48EF-AF5C-6B07548BA1F6}.Release|x86.Build.0 = Release|Any CPU
		{5574718B-A4C7-4D30-A385-EBB9E166B2D4}.Debug|Any CPU.ActiveCfg = Debug|Any CPU
		{5574718B-A4C7-4D30-A385-EBB9E166B2D4}.Debug|Any CPU.Build.0 = Debug|Any CPU
		{5574718B-A4C7-4D30-A385-EBB9E166B2D4}.Debug|x64.ActiveCfg = Debug|Any CPU
		{5574718B-A4C7-4D30-A385-EBB9E166B2D4}.Debug|x64.Build.0 = Debug|Any CPU
		{5574718B-A4C7-4D30-A385-EBB9E166B2D4}.Debug|x86.ActiveCfg = Debug|Any CPU
		{5574718B-A4C7-4D30-A385-EBB9E166B2D4}.Debug|x86.Build.0 = Debug|Any CPU
		{5574718B-A4C7-4D30-A385-EBB9E166B2D4}.Release|Any CPU.ActiveCfg = Release|Any CPU
		{5574718B-A4C7-4D30-A385-EBB9E166B2D4}.Release|Any CPU.Build.0 = Release|Any CPU
		{5574718B-A4C7-4D30-A385-EBB9E166B2D4}.Release|x64.ActiveCfg = Release|Any CPU
		{5574718B-A4C7-4D30-A385-EBB9E166B2D4}.Release|x64.Build.0 = Release|Any CPU
		{5574718B-A4C7-4D30-A385-EBB9E166B2D4}.Release|x86.ActiveCfg = Release|Any CPU
		{5574718B-A4C7-4D30-A385-EBB9E166B2D4}.Release|x86.Build.0 = Release|Any CPU
	EndGlobalSection
	GlobalSection(NestedProjects) = preSolution
		{CFECF2FB-3852-4940-A844-EFAEBAB3AC3D} = {9D868400-CA8A-4715-9A0F-87A3433B7CA8}
		{9C22F19F-F30B-4B9D-98A0-6B8913F6D0BA} = {CFECF2FB-3852-4940-A844-EFAEBAB3AC3D}
		{CE526791-C411-42E9-8905-A7212FF6CCDF} = {9D868400-CA8A-4715-9A0F-87A3433B7CA8}
		{9ECCE594-84E6-414A-A371-75289F28ACB2} = {CE526791-C411-42E9-8905-A7212FF6CCDF}
		{F3CCAC7D-A9C1-4E19-836C-B297A75C10F0} = {9D868400-CA8A-4715-9A0F-87A3433B7CA8}
		{B0992209-CC0A-4FB5-968B-2848022107BC} = {F3CCAC7D-A9C1-4E19-836C-B297A75C10F0}
		{93DB4426-0E62-4B04-B5B8-C14BD37CA19D} = {9D868400-CA8A-4715-9A0F-87A3433B7CA8}
		{588EF61A-8080-48D6-B07B-4C6D42DAE187} = {93DB4426-0E62-4B04-B5B8-C14BD37CA19D}
		{58E77ABB-AA95-42E8-9B88-DF7BE85E2380} = {588EF61A-8080-48D6-B07B-4C6D42DAE187}
		{0079E5EE-6FDE-48EF-AF5C-6B07548BA1F6} = {9D868400-CA8A-4715-9A0F-87A3433B7CA8}
		{5574718B-A4C7-4D30-A385-EBB9E166B2D4} = {93DB4426-0E62-4B04-B5B8-C14BD37CA19D}
	EndGlobalSection
EndGlobal
