
Microsoft Visual Studio Solution File, Format Version 12.00
# Visual Studio Version 17
VisualStudioVersion = 17.0.31903.59
MinimumVisualStudioVersion = 10.0.40219.1
Project("{2150E333-8FDC-42A3-9474-1A3956D46DE8}") = "src", "src", "{918B4E7A-E988-434C-8E8D-E2C82260D6AB}"
EndProject
Project("{2150E333-8FDC-42A3-9474-1A3956D46DE8}") = "fshafas.api", "fshafas.api", "{12471988-42A7-4C51-9E67-44EE02711974}"
EndProject
Project("{F2A71F9B-5D33-465A-A702-920D77279786}") = "fshafas.api.fable.python", "src\fshafas.api\target.python\fshafas.api.fable.python.fsproj", "{5EFBF29C-4E45-4562-8758-EF67823FC7C4}"
EndProject
Project("{2150E333-8FDC-42A3-9474-1A3956D46DE8}") = "fshafas", "fshafas", "{AAD1F877-9837-4865-8A13-00344947E106}"
EndProject
Project("{F2A71F9B-5D33-465A-A702-920D77279786}") = "fshafas.fable.python", "src\fshafas\target.python\fshafas.fable.python.fsproj", "{A594CA6E-E38F-4FFF-8549-0DDA26B7A95F}"
EndProject
Project("{2150E333-8FDC-42A3-9474-1A3956D46DE8}") = "dbvendo", "dbvendo", "{29F22CF7-B7A4-479B-BE82-B80BDA8491DE}"
EndProject
Project("{F2A71F9B-5D33-465A-A702-920D77279786}") = "dbvendo.fable.python", "src\dbvendo\target.python\dbvendo.fable.python.fsproj", "{4F8E8DCB-01D1-4CAF-B699-277E3C4488EB}"
EndProject
Project("{2150E333-8FDC-42A3-9474-1A3956D46DE8}") = "examples", "examples", "{17B1C032-2D0D-44BB-8820-09F949B88DEF}"
EndProject
Project("{2150E333-8FDC-42A3-9474-1A3956D46DE8}") = "cli", "cli", "{56FD7638-001A-49E2-95CC-0B8B3B45DCDA}"
EndProject
Project("{F2A71F9B-5D33-465A-A702-920D77279786}") = "cli.fable.python", "src\examples\cli\target.python\cli.fable.python.fsproj", "{B22D07F1-A69E-496E-81AF-FF73A1FC45F2}"
EndProject
Global
	GlobalSection(SolutionConfigurationPlatforms) = preSolution
		Debug|Any CPU = Debug|Any CPU
		Debug|x64 = Debug|x64
		Debug|x86 = Debug|x86
		Release|Any CPU = Release|Any CPU
		Release|x64 = Release|x64
		Release|x86 = Release|x86
	EndGlobalSection
	GlobalSection(ProjectConfigurationPlatforms) = postSolution
		{5EFBF29C-4E45-4562-8758-EF67823FC7C4}.Debug|Any CPU.ActiveCfg = Debug|Any CPU
		{5EFBF29C-4E45-4562-8758-EF67823FC7C4}.Debug|Any CPU.Build.0 = Debug|Any CPU
		{5EFBF29C-4E45-4562-8758-EF67823FC7C4}.Debug|x64.ActiveCfg = Debug|Any CPU
		{5EFBF29C-4E45-4562-8758-EF67823FC7C4}.Debug|x64.Build.0 = Debug|Any CPU
		{5EFBF29C-4E45-4562-8758-EF67823FC7C4}.Debug|x86.ActiveCfg = Debug|Any CPU
		{5EFBF29C-4E45-4562-8758-EF67823FC7C4}.Debug|x86.Build.0 = Debug|Any CPU
		{5EFBF29C-4E45-4562-8758-EF67823FC7C4}.Release|Any CPU.ActiveCfg = Release|Any CPU
		{5EFBF29C-4E45-4562-8758-EF67823FC7C4}.Release|Any CPU.Build.0 = Release|Any CPU
		{5EFBF29C-4E45-4562-8758-EF67823FC7C4}.Release|x64.ActiveCfg = Release|Any CPU
		{5EFBF29C-4E45-4562-8758-EF67823FC7C4}.Release|x64.Build.0 = Release|Any CPU
		{5EFBF29C-4E45-4562-8758-EF67823FC7C4}.Release|x86.ActiveCfg = Release|Any CPU
		{5EFBF29C-4E45-4562-8758-EF67823FC7C4}.Release|x86.Build.0 = Release|Any CPU
		{A594CA6E-E38F-4FFF-8549-0DDA26B7A95F}.Debug|Any CPU.ActiveCfg = Debug|Any CPU
		{A594CA6E-E38F-4FFF-8549-0DDA26B7A95F}.Debug|Any CPU.Build.0 = Debug|Any CPU
		{A594CA6E-E38F-4FFF-8549-0DDA26B7A95F}.Debug|x64.ActiveCfg = Debug|Any CPU
		{A594CA6E-E38F-4FFF-8549-0DDA26B7A95F}.Debug|x64.Build.0 = Debug|Any CPU
		{A594CA6E-E38F-4FFF-8549-0DDA26B7A95F}.Debug|x86.ActiveCfg = Debug|Any CPU
		{A594CA6E-E38F-4FFF-8549-0DDA26B7A95F}.Debug|x86.Build.0 = Debug|Any CPU
		{A594CA6E-E38F-4FFF-8549-0DDA26B7A95F}.Release|Any CPU.ActiveCfg = Release|Any CPU
		{A594CA6E-E38F-4FFF-8549-0DDA26B7A95F}.Release|Any CPU.Build.0 = Release|Any CPU
		{A594CA6E-E38F-4FFF-8549-0DDA26B7A95F}.Release|x64.ActiveCfg = Release|Any CPU
		{A594CA6E-E38F-4FFF-8549-0DDA26B7A95F}.Release|x64.Build.0 = Release|Any CPU
		{A594CA6E-E38F-4FFF-8549-0DDA26B7A95F}.Release|x86.ActiveCfg = Release|Any CPU
		{A594CA6E-E38F-4FFF-8549-0DDA26B7A95F}.Release|x86.Build.0 = Release|Any CPU
		{4F8E8DCB-01D1-4CAF-B699-277E3C4488EB}.Debug|Any CPU.ActiveCfg = Debug|Any CPU
		{4F8E8DCB-01D1-4CAF-B699-277E3C4488EB}.Debug|Any CPU.Build.0 = Debug|Any CPU
		{4F8E8DCB-01D1-4CAF-B699-277E3C4488EB}.Debug|x64.ActiveCfg = Debug|Any CPU
		{4F8E8DCB-01D1-4CAF-B699-277E3C4488EB}.Debug|x64.Build.0 = Debug|Any CPU
		{4F8E8DCB-01D1-4CAF-B699-277E3C4488EB}.Debug|x86.ActiveCfg = Debug|Any CPU
		{4F8E8DCB-01D1-4CAF-B699-277E3C4488EB}.Debug|x86.Build.0 = Debug|Any CPU
		{4F8E8DCB-01D1-4CAF-B699-277E3C4488EB}.Release|Any CPU.ActiveCfg = Release|Any CPU
		{4F8E8DCB-01D1-4CAF-B699-277E3C4488EB}.Release|Any CPU.Build.0 = Release|Any CPU
		{4F8E8DCB-01D1-4CAF-B699-277E3C4488EB}.Release|x64.ActiveCfg = Release|Any CPU
		{4F8E8DCB-01D1-4CAF-B699-277E3C4488EB}.Release|x64.Build.0 = Release|Any CPU
		{4F8E8DCB-01D1-4CAF-B699-277E3C4488EB}.Release|x86.ActiveCfg = Release|Any CPU
		{4F8E8DCB-01D1-4CAF-B699-277E3C4488EB}.Release|x86.Build.0 = Release|Any CPU
		{B22D07F1-A69E-496E-81AF-FF73A1FC45F2}.Debug|Any CPU.ActiveCfg = Debug|Any CPU
		{B22D07F1-A69E-496E-81AF-FF73A1FC45F2}.Debug|Any CPU.Build.0 = Debug|Any CPU
		{B22D07F1-A69E-496E-81AF-FF73A1FC45F2}.Debug|x64.ActiveCfg = Debug|Any CPU
		{B22D07F1-A69E-496E-81AF-FF73A1FC45F2}.Debug|x64.Build.0 = Debug|Any CPU
		{B22D07F1-A69E-496E-81AF-FF73A1FC45F2}.Debug|x86.ActiveCfg = Debug|Any CPU
		{B22D07F1-A69E-496E-81AF-FF73A1FC45F2}.Debug|x86.Build.0 = Debug|Any CPU
		{B22D07F1-A69E-496E-81AF-FF73A1FC45F2}.Release|Any CPU.ActiveCfg = Release|Any CPU
		{B22D07F1-A69E-496E-81AF-FF73A1FC45F2}.Release|Any CPU.Build.0 = Release|Any CPU
		{B22D07F1-A69E-496E-81AF-FF73A1FC45F2}.Release|x64.ActiveCfg = Release|Any CPU
		{B22D07F1-A69E-496E-81AF-FF73A1FC45F2}.Release|x64.Build.0 = Release|Any CPU
		{B22D07F1-A69E-496E-81AF-FF73A1FC45F2}.Release|x86.ActiveCfg = Release|Any CPU
		{B22D07F1-A69E-496E-81AF-FF73A1FC45F2}.Release|x86.Build.0 = Release|Any CPU
	EndGlobalSection
	GlobalSection(NestedProjects) = preSolution
		{12471988-42A7-4C51-9E67-44EE02711974} = {918B4E7A-E988-434C-8E8D-E2C82260D6AB}
		{5EFBF29C-4E45-4562-8758-EF67823FC7C4} = {12471988-42A7-4C51-9E67-44EE02711974}
		{AAD1F877-9837-4865-8A13-00344947E106} = {918B4E7A-E988-434C-8E8D-E2C82260D6AB}
		{A594CA6E-E38F-4FFF-8549-0DDA26B7A95F} = {AAD1F877-9837-4865-8A13-00344947E106}
		{29F22CF7-B7A4-479B-BE82-B80BDA8491DE} = {918B4E7A-E988-434C-8E8D-E2C82260D6AB}
		{4F8E8DCB-01D1-4CAF-B699-277E3C4488EB} = {29F22CF7-B7A4-479B-BE82-B80BDA8491DE}
		{17B1C032-2D0D-44BB-8820-09F949B88DEF} = {918B4E7A-E988-434C-8E8D-E2C82260D6AB}
		{56FD7638-001A-49E2-95CC-0B8B3B45DCDA} = {17B1C032-2D0D-44BB-8820-09F949B88DEF}
		{B22D07F1-A69E-496E-81AF-FF73A1FC45F2} = {56FD7638-001A-49E2-95CC-0B8B3B45DCDA}
	EndGlobalSection
EndGlobal
